{
  "version": "3",
  "specifiers": {
    "jsr:@std/assert@0.196": "0.196.0",
    "jsr:@std/async@0.196.0": "0.196.0",
    "jsr:@std/fmt@0.196": "0.196.0",
    "jsr:@std/internal@0.196": "0.196.0",
    "jsr:@std/semver@0.196.0": "0.196.0",
    "jsr:@std/testing@0.196.0": "0.196.0",
    "npm:@octokit/types@13.5.0": "13.5.0"
  },
  "jsr": {
    "@std/assert@0.196.0": {
      "integrity": "ede8c09c2bb176dc9356c04d2548412e492a58dcf73aad0965695a4d8336f66b",
      "dependencies": [
        "jsr:@std/fmt",
        "jsr:@std/internal"
      ]
    },
    "@std/async@0.196.0": {
      "integrity": "bd572776dfdf94bcbe00ceea1263e06f0c0060ff258f8a5cf644c5b43992755a",
      "dependencies": [
        "jsr:@std/assert"
      ]
    },
    "@std/fmt@0.196.0": {
      "integrity": "a9f398fbf7801bb5bd086f26800fcd5c32a2374eea176d20214dc461223fab66"
    },
    "@std/internal@0.196.0": {
      "integrity": "510a868cd8dc7a5a4de15b3864961b0f25d4b5b314f1f7d1bf6a5dd9a56173c1",
      "dependencies": [
        "jsr:@std/fmt"
      ]
    },
    "@std/semver@0.196.0": {
      "integrity": "4de41c3c4ccb0b8676550de1b61b52dffd91225e414398522ef76d54d9b7833d"
    },
    "@std/testing@0.196.0": {
      "integrity": "be64f07bc12c2d93d46c6a51fc35817f73ab47f8d8664fbd722e9255e1bc951a",
      "dependencies": [
        "jsr:@std/assert"
      ]
    }
  },
  "npm": {
    "@octokit/openapi-types@22.2.0": {
      "integrity": "sha512-QBhVjcUa9W7Wwhm6DBFu6ZZ+1/t/oYxqc2tp81Pi41YNuJinbFRx8B133qVOrAaBbF7D/m0Et6f9/pZt9Rc+tg=="
    },
    "@octokit/types@13.5.0": {
      "integrity": "sha512-HdqWTf5Z3qwDVlzCrP8UJquMwunpDiMPt5er+QjGzL4hqr/vBVY/MauQgS1xWxCDT1oMx1EULyqxncdCY/NVSQ==",
      "dependencies": [
        "@octokit/openapi-types@22.2.0"
      ]
    }
  },
  "workspace": {
    "dependencies": [
      "jsr:@std/async@0.196.0",
      "jsr:@std/semver@0.196.0",
      "jsr:@std/testing@0.196.0",
      "npm:@octokit/types@13.5.0"
    ]
  }
}
